
Microsoft Visual Studio Solution File, Format Version 12.00
# Visual Studio Version 17
VisualStudioVersion = 17.9.34723.18
MinimumVisualStudioVersion = 10.0.40219.1
Project("{FAE04EC0-301F-11D3-BF4B-00C04F79EFBC}") = "TodoApp", "TodoApp.csproj", "{733956AB-1D4B-4165-8945-724510C12A32}"
EndProject
Global
	GlobalSection(SolutionConfigurationPlatforms) = preSolution
		Debug|Any CPU = Debug|Any CPU
		Release|Any CPU = Release|Any CPU
	EndGlobalSection
	GlobalSection(ProjectConfigurationPlatforms) = postSolution
		{733956AB-1D4B-4165-8945-724510C12A32}.Debug|Any CPU.ActiveCfg = Debug|Any CPU
		{733956AB-1D4B-4165-8945-724510C12A32}.Debug|Any CPU.Build.0 = Debug|Any CPU
		{733956AB-1D4B-4165-8945-724510C12A32}.Release|Any CPU.ActiveCfg = Release|Any CPU
		{733956AB-1D4B-4165-8945-724510C12A32}.Release|Any CPU.Build.0 = Release|Any CPU
	EndGlobalSection
	GlobalSection(SolutionProperties) = preSolution
		HideSolutionNode = FALSE
	EndGlobalSection
	GlobalSection(ExtensibilityGlobals) = postSolution
		SolutionGuid = {BB5D29FB-DA2F-4563-B82F-4EF874A827E1}
	EndGlobalSection
EndGlobal
